
Microsoft Visual Studio Solution File, Format Version 12.00
# Visual Studio Version 16
VisualStudioVersion = 16.0.29503.13
MinimumVisualStudioVersion = 10.0.40219.1
Project("{8BC9CEB8-8B4A-11D0-8D11-00A0C91BC942}") = "AOE", "AOE\AOE.vcxproj", "{E1817DB2-D2F9-4579-AEC1-BAE815ED77BE}"
EndProject
Global
	GlobalSection(SolutionConfigurationPlatforms) = preSolution
		Debug|x64 = Debug|x64
		Debug|x86 = Debug|x86
		Release|x64 = Release|x64
		Release|x86 = Release|x86
	EndGlobalSection
	GlobalSection(ProjectConfigurationPlatforms) = postSolution
		{E1817DB2-D2F9-4579-AEC1-BAE815ED77BE}.Debug|x64.ActiveCfg = Debug|x64
		{E1817DB2-D2F9-4579-AEC1-BAE815ED77BE}.Debug|x64.Build.0 = Debug|x64
		{E1817DB2-D2F9-4579-AEC1-BAE815ED77BE}.Debug|x86.ActiveCfg = Debug|Win32
		{E1817DB2-D2F9-4579-AEC1-BAE815ED77BE}.Debug|x86.Build.0 = Debug|Win32
		{E1817DB2-D2F9-4579-AEC1-BAE815ED77BE}.Release|x64.ActiveCfg = Release|x64
		{E1817DB2-D2F9-4579-AEC1-BAE815ED77BE}.Release|x64.Build.0 = Release|x64
		{E1817DB2-D2F9-4579-AEC1-BAE815ED77BE}.Release|x86.ActiveCfg = Release|Win32
		{E1817DB2-D2F9-4579-AEC1-BAE815ED77BE}.Release|x86.Build.0 = Release|Win32
	EndGlobalSection
	GlobalSection(SolutionProperties) = preSolution
		HideSolutionNode = FALSE
	EndGlobalSection
	GlobalSection(ExtensibilityGlobals) = postSolution
		SolutionGuid = {6CB8EE93-90CE-4422-8D4F-E82F50A95D13}
	EndGlobalSection
EndGlobal
